Microsoft Visual Studio Solution File, Format Version 11.00
# Visual Studio 2010
Project("{F184B08F-C81C-45F6-A57F-5ABD9991F28F}") = "E4936", "E4936\E4936.vbproj", "{28E6B31D-5A0F-4427-83AE-7C09A680629C}"
EndProject
Global
	GlobalSection(SolutionConfigurationPlatforms) = preSolution
		Debug|Any CPU = Debug|Any CPU
		Release|Any CPU = Release|Any CPU
	EndGlobalSection
	GlobalSection(ProjectConfigurationPlatforms) = postSolution
		{28E6B31D-5A0F-4427-83AE-7C09A680629C}.Debug|Any CPU.ActiveCfg = Debug|Any CPU
		{28E6B31D-5A0F-4427-83AE-7C09A680629C}.Debug|Any CPU.Build.0 = Debug|Any CPU
		{28E6B31D-5A0F-4427-83AE-7C09A680629C}.Release|Any CPU.ActiveCfg = Release|Any CPU
		{28E6B31D-5A0F-4427-83AE-7C09A680629C}.Release|Any CPU.Build.0 = Release|Any CPU
	EndGlobalSection
	GlobalSection(SolutionProperties) = preSolution
		HideSolutionNode = FALSE
	EndGlobalSection
EndGlobal
